
Microsoft Visual Studio Solution File, Format Version 12.00
# Visual Studio 2013
VisualStudioVersion = 12.0.21005.1
MinimumVisualStudioVersion = 10.0.40219.1
Project("{CC5FD16D-436D-48AD-A40C-5A424C6E3E79}") = "CloudHelloWorld", "CloudHelloWorld\CloudHelloWorld.ccproj", "{1D55B50E-D97E-44E5-ABFA-FBD0D0B1863D}"
EndProject
Project("{FAE04EC0-301F-11D3-BF4B-00C04F79EFBC}") = "SayHello", "SayHello\SayHello.csproj", "{26DB5EBD-E252-4FAA-8036-D9D91D23DF82}"
EndProject
Global
	GlobalSection(SolutionConfigurationPlatforms) = preSolution
		Debug|Any CPU = Debug|Any CPU
		Release|Any CPU = Release|Any CPU
	EndGlobalSection
	GlobalSection(ProjectConfigurationPlatforms) = postSolution
		{1D55B50E-D97E-44E5-ABFA-FBD0D0B1863D}.Debug|Any CPU.ActiveCfg = Debug|Any CPU
		{1D55B50E-D97E-44E5-ABFA-FBD0D0B1863D}.Debug|Any CPU.Build.0 = Debug|Any CPU
		{1D55B50E-D97E-44E5-ABFA-FBD0D0B1863D}.Release|Any CPU.ActiveCfg = Release|Any CPU
		{1D55B50E-D97E-44E5-ABFA-FBD0D0B1863D}.Release|Any CPU.Build.0 = Release|Any CPU
		{26DB5EBD-E252-4FAA-8036-D9D91D23DF82}.Debug|Any CPU.ActiveCfg = Debug|Any CPU
		{26DB5EBD-E252-4FAA-8036-D9D91D23DF82}.Debug|Any CPU.Build.0 = Debug|Any CPU
		{26DB5EBD-E252-4FAA-8036-D9D91D23DF82}.Release|Any CPU.ActiveCfg = Release|Any CPU
		{26DB5EBD-E252-4FAA-8036-D9D91D23DF82}.Release|Any CPU.Build.0 = Release|Any CPU
	EndGlobalSection
	GlobalSection(SolutionProperties) = preSolution
		HideSolutionNode = FALSE
	EndGlobalSection
EndGlobal
