
Microsoft Visual Studio Solution File, Format Version 12.00
# Visual Studio 2013
VisualStudioVersion = 12.0.30501.0
MinimumVisualStudioVersion = 10.0.40219.1
Project("{FAE04EC0-301F-11D3-BF4B-00C04F79EFBC}") = "LongestCommonSubsequence", "LongestCommonSubsequence\LongestCommonSubsequence.csproj", "{9D5DCD0A-4746-4E04-A820-596FFA8452A7}"
EndProject
Project("{FAE04EC0-301F-11D3-BF4B-00C04F79EFBC}") = "LongestCommonSubsequenceTest", "LongestCommonSubsequenceTest\LongestCommonSubsequenceTest.csproj", "{C55C97E2-9659-4B08-8CBE-CE9D9F06441D}"
EndProject
Project("{FAE04EC0-301F-11D3-BF4B-00C04F79EFBC}") = "QuickSort", "QuickSort\QuickSort.csproj", "{D49828FE-D06B-460B-929A-7A705357C3DF}"
EndProject
Project("{FAE04EC0-301F-11D3-BF4B-00C04F79EFBC}") = "QuickSortTest", "QuickSortTest\QuickSortTest.csproj", "{192FD191-6FE5-46D4-8D54-8330386E5261}"
EndProject
Project("{2150E333-8FDC-42A3-9474-1A3956D46DE8}") = "Solution Items", "Solution Items", "{B10A9F48-E9D2-42F0-8933-CC27A5B018C5}"
EndProject
Project("{FAE04EC0-301F-11D3-BF4B-00C04F79EFBC}") = "Test", "Test\Test.csproj", "{A1A2B9AA-9CE4-442F-BB51-A663A6B41AC9}"
EndProject
Global
	GlobalSection(SolutionConfigurationPlatforms) = preSolution
		Debug|Any CPU = Debug|Any CPU
		Release|Any CPU = Release|Any CPU
	EndGlobalSection
	GlobalSection(ProjectConfigurationPlatforms) = postSolution
		{9D5DCD0A-4746-4E04-A820-596FFA8452A7}.Debug|Any CPU.ActiveCfg = Debug|Any CPU
		{9D5DCD0A-4746-4E04-A820-596FFA8452A7}.Debug|Any CPU.Build.0 = Debug|Any CPU
		{9D5DCD0A-4746-4E04-A820-596FFA8452A7}.Release|Any CPU.ActiveCfg = Release|Any CPU
		{9D5DCD0A-4746-4E04-A820-596FFA8452A7}.Release|Any CPU.Build.0 = Release|Any CPU
		{C55C97E2-9659-4B08-8CBE-CE9D9F06441D}.Debug|Any CPU.ActiveCfg = Debug|Any CPU
		{C55C97E2-9659-4B08-8CBE-CE9D9F06441D}.Debug|Any CPU.Build.0 = Debug|Any CPU
		{C55C97E2-9659-4B08-8CBE-CE9D9F06441D}.Release|Any CPU.ActiveCfg = Release|Any CPU
		{C55C97E2-9659-4B08-8CBE-CE9D9F06441D}.Release|Any CPU.Build.0 = Release|Any CPU
		{D49828FE-D06B-460B-929A-7A705357C3DF}.Debug|Any CPU.ActiveCfg = Debug|Any CPU
		{D49828FE-D06B-460B-929A-7A705357C3DF}.Debug|Any CPU.Build.0 = Debug|Any CPU
		{D49828FE-D06B-460B-929A-7A705357C3DF}.Release|Any CPU.ActiveCfg = Release|Any CPU
		{D49828FE-D06B-460B-929A-7A705357C3DF}.Release|Any CPU.Build.0 = Release|Any CPU
		{192FD191-6FE5-46D4-8D54-8330386E5261}.Debug|Any CPU.ActiveCfg = Debug|Any CPU
		{192FD191-6FE5-46D4-8D54-8330386E5261}.Debug|Any CPU.Build.0 = Debug|Any CPU
		{192FD191-6FE5-46D4-8D54-8330386E5261}.Release|Any CPU.ActiveCfg = Release|Any CPU
		{192FD191-6FE5-46D4-8D54-8330386E5261}.Release|Any CPU.Build.0 = Release|Any CPU
		{A1A2B9AA-9CE4-442F-BB51-A663A6B41AC9}.Debug|Any CPU.ActiveCfg = Debug|Any CPU
		{A1A2B9AA-9CE4-442F-BB51-A663A6B41AC9}.Debug|Any CPU.Build.0 = Debug|Any CPU
		{A1A2B9AA-9CE4-442F-BB51-A663A6B41AC9}.Release|Any CPU.ActiveCfg = Release|Any CPU
		{A1A2B9AA-9CE4-442F-BB51-A663A6B41AC9}.Release|Any CPU.Build.0 = Release|Any CPU
	EndGlobalSection
	GlobalSection(SolutionProperties) = preSolution
		HideSolutionNode = FALSE
	EndGlobalSection
EndGlobal
